# This file is automatically @generated by Cargo.
# It is not intended for manual editing.
version = 4

[[package]]
name = "minigrep"
version = "0.1.0"
dependencies = [
 "s",
]

[[package]]
name = "s"
version = "0.1.2"
source = "registry+https://github.com/rust-lang/crates.io-index"
checksum = "b77c4599d1a91d7d0f5ddcb465a4a0121bbed438d74e90bea734626776cab255"
